
Microsoft Visual Studio Solution File, Format Version 12.00
# Visual Studio 2013
VisualStudioVersion = 12.0.30501.0
MinimumVisualStudioVersion = 10.0.40219.1
Project("{FAE04EC0-301F-11D3-BF4B-00C04F79EFBC}") = "Merchello.Plugin.Payments.PurchaseOrder", "Merchello.Plugin.Payments.PurchaseOrder\Merchello.Plugin.Payments.PurchaseOrder.csproj", "{2AAA2692-630B-498E-9F17-53246598FD32}"
EndProject
Project("{2150E333-8FDC-42A3-9474-1A3956D46DE8}") = "Build", "Build", "{739BFB51-E4C6-4510-BAB8-28484B610EDE}"
	ProjectSection(SolutionItems) = preProject
		..\build\build.bat = ..\build\build.bat
		..\build\package.xml = ..\build\package.xml
		..\build\PurchaseOrder.build = ..\build\PurchaseOrder.build
		..\build\readme.txt = ..\build\readme.txt
	EndProjectSection
EndProject
Project("{FAE04EC0-301F-11D3-BF4B-00C04F79EFBC}") = "Merchello.Plugin.Payment.PurchaseOrder.Bazaar", "Merchello.Plugin.Payment.PurchaseOrder.Bazaar\Merchello.Plugin.Payment.PurchaseOrder.Bazaar.csproj", "{886F7E20-82BF-4716-B26F-73ED5A8426ED}"
EndProject
Global
	GlobalSection(SolutionConfigurationPlatforms) = preSolution
		Debug|Any CPU = Debug|Any CPU
		Release|Any CPU = Release|Any CPU
	EndGlobalSection
	GlobalSection(ProjectConfigurationPlatforms) = postSolution
		{2AAA2692-630B-498E-9F17-53246598FD32}.Debug|Any CPU.ActiveCfg = Debug|Any CPU
		{2AAA2692-630B-498E-9F17-53246598FD32}.Debug|Any CPU.Build.0 = Debug|Any CPU
		{2AAA2692-630B-498E-9F17-53246598FD32}.Release|Any CPU.ActiveCfg = Release|Any CPU
		{2AAA2692-630B-498E-9F17-53246598FD32}.Release|Any CPU.Build.0 = Release|Any CPU
		{886F7E20-82BF-4716-B26F-73ED5A8426ED}.Debug|Any CPU.ActiveCfg = Debug|Any CPU
		{886F7E20-82BF-4716-B26F-73ED5A8426ED}.Debug|Any CPU.Build.0 = Debug|Any CPU
		{886F7E20-82BF-4716-B26F-73ED5A8426ED}.Release|Any CPU.ActiveCfg = Release|Any CPU
		{886F7E20-82BF-4716-B26F-73ED5A8426ED}.Release|Any CPU.Build.0 = Release|Any CPU
	EndGlobalSection
	GlobalSection(SolutionProperties) = preSolution
		HideSolutionNode = FALSE
	EndGlobalSection
EndGlobal
